
Microsoft Visual Studio Solution File, Format Version 12.00
# Visual Studio Version 16
VisualStudioVersion = 16.0.31409.214
MinimumVisualStudioVersion = 10.0.40219.1
Project("{9A19103F-16F7-4668-BE54-9A1E7A4F7556}") = "ArrayRotation", "ArrayRotation\ArrayRotation.csproj", "{F09386F7-02A6-4A57-8A07-93628B8612C0}"
EndProject
Project("{9A19103F-16F7-4668-BE54-9A1E7A4F7556}") = "ArrayElements", "ArrayElements\ArrayElements.csproj", "{24265BA6-21CA-4691-81E4-7E8E857BE4FD}"
EndProject
Project("{9A19103F-16F7-4668-BE54-9A1E7A4F7556}") = "PalindormeCountFromFile", "PalindromeCountFromFile\PalindormeCountFromFile.csproj", "{6DF908E4-3B47-4F8A-B4BE-6C60FDE7CBCF}"
EndProject
Project("{9A19103F-16F7-4668-BE54-9A1E7A4F7556}") = "Sorting", "Sorting\Sorting.csproj", "{A7089A57-61EB-4290-9E4F-DDB929CE9DFD}"
EndProject
Project("{9A19103F-16F7-4668-BE54-9A1E7A4F7556}") = "FibonacciNumbers", "FibonacciNumbers\FibonacciNumbers.csproj", "{C5B3E5E0-5941-4808-A219-F398E672AB40}"
EndProject
Project("{9A19103F-16F7-4668-BE54-9A1E7A4F7556}") = "GridTraveller", "GridTraveller\GridTraveller.csproj", "{D8141A8E-0A66-462E-B57F-F24637893A6C}"
EndProject
Project("{9A19103F-16F7-4668-BE54-9A1E7A4F7556}") = "HowSum", "HowSum\HowSum.csproj", "{0E56C144-999C-4641-A496-8C0A24A85F71}"
EndProject
Project("{9A19103F-16F7-4668-BE54-9A1E7A4F7556}") = "CanSum", "CanSum\CanSum.csproj", "{D9E0375E-BF60-4D4B-A01D-5E170BAA6324}"
EndProject
Project("{9A19103F-16F7-4668-BE54-9A1E7A4F7556}") = "CanConstruct", "CanConstruct\CanConstruct.csproj", "{CFB52776-506E-4DC2-AEF7-9F3C4B7A49E9}"
EndProject
Global
	GlobalSection(SolutionConfigurationPlatforms) = preSolution
		Debug|Any CPU = Debug|Any CPU
		Release|Any CPU = Release|Any CPU
	EndGlobalSection
	GlobalSection(ProjectConfigurationPlatforms) = postSolution
		{F09386F7-02A6-4A57-8A07-93628B8612C0}.Debug|Any CPU.ActiveCfg = Debug|Any CPU
		{F09386F7-02A6-4A57-8A07-93628B8612C0}.Debug|Any CPU.Build.0 = Debug|Any CPU
		{F09386F7-02A6-4A57-8A07-93628B8612C0}.Release|Any CPU.ActiveCfg = Release|Any CPU
		{F09386F7-02A6-4A57-8A07-93628B8612C0}.Release|Any CPU.Build.0 = Release|Any CPU
		{24265BA6-21CA-4691-81E4-7E8E857BE4FD}.Debug|Any CPU.ActiveCfg = Debug|Any CPU
		{24265BA6-21CA-4691-81E4-7E8E857BE4FD}.Debug|Any CPU.Build.0 = Debug|Any CPU
		{24265BA6-21CA-4691-81E4-7E8E857BE4FD}.Release|Any CPU.ActiveCfg = Release|Any CPU
		{24265BA6-21CA-4691-81E4-7E8E857BE4FD}.Release|Any CPU.Build.0 = Release|Any CPU
		{6DF908E4-3B47-4F8A-B4BE-6C60FDE7CBCF}.Debug|Any CPU.ActiveCfg = Debug|Any CPU
		{6DF908E4-3B47-4F8A-B4BE-6C60FDE7CBCF}.Debug|Any CPU.Build.0 = Debug|Any CPU
		{6DF908E4-3B47-4F8A-B4BE-6C60FDE7CBCF}.Release|Any CPU.ActiveCfg = Release|Any CPU
		{6DF908E4-3B47-4F8A-B4BE-6C60FDE7CBCF}.Release|Any CPU.Build.0 = Release|Any CPU
		{A7089A57-61EB-4290-9E4F-DDB929CE9DFD}.Debug|Any CPU.ActiveCfg = Debug|Any CPU
		{A7089A57-61EB-4290-9E4F-DDB929CE9DFD}.Debug|Any CPU.Build.0 = Debug|Any CPU
		{A7089A57-61EB-4290-9E4F-DDB929CE9DFD}.Release|Any CPU.ActiveCfg = Release|Any CPU
		{A7089A57-61EB-4290-9E4F-DDB929CE9DFD}.Release|Any CPU.Build.0 = Release|Any CPU
		{C5B3E5E0-5941-4808-A219-F398E672AB40}.Debug|Any CPU.ActiveCfg = Debug|Any CPU
		{C5B3E5E0-5941-4808-A219-F398E672AB40}.Debug|Any CPU.Build.0 = Debug|Any CPU
		{C5B3E5E0-5941-4808-A219-F398E672AB40}.Release|Any CPU.ActiveCfg = Release|Any CPU
		{C5B3E5E0-5941-4808-A219-F398E672AB40}.Release|Any CPU.Build.0 = Release|Any CPU
		{D8141A8E-0A66-462E-B57F-F24637893A6C}.Debug|Any CPU.ActiveCfg = Debug|Any CPU
		{D8141A8E-0A66-462E-B57F-F24637893A6C}.Debug|Any CPU.Build.0 = Debug|Any CPU
		{D8141A8E-0A66-462E-B57F-F24637893A6C}.Release|Any CPU.ActiveCfg = Release|Any CPU
		{D8141A8E-0A66-462E-B57F-F24637893A6C}.Release|Any CPU.Build.0 = Release|Any CPU
		{0E56C144-999C-4641-A496-8C0A24A85F71}.Debug|Any CPU.ActiveCfg = Debug|Any CPU
		{0E56C144-999C-4641-A496-8C0A24A85F71}.Debug|Any CPU.Build.0 = Debug|Any CPU
		{0E56C144-999C-4641-A496-8C0A24A85F71}.Release|Any CPU.ActiveCfg = Release|Any CPU
		{0E56C144-999C-4641-A496-8C0A24A85F71}.Release|Any CPU.Build.0 = Release|Any CPU
		{D9E0375E-BF60-4D4B-A01D-5E170BAA6324}.Debug|Any CPU.ActiveCfg = Debug|Any CPU
		{D9E0375E-BF60-4D4B-A01D-5E170BAA6324}.Debug|Any CPU.Build.0 = Debug|Any CPU
		{D9E0375E-BF60-4D4B-A01D-5E170BAA6324}.Release|Any CPU.ActiveCfg = Release|Any CPU
		{D9E0375E-BF60-4D4B-A01D-5E170BAA6324}.Release|Any CPU.Build.0 = Release|Any CPU
		{CFB52776-506E-4DC2-AEF7-9F3C4B7A49E9}.Debug|Any CPU.ActiveCfg = Debug|Any CPU
		{CFB52776-506E-4DC2-AEF7-9F3C4B7A49E9}.Debug|Any CPU.Build.0 = Debug|Any CPU
		{CFB52776-506E-4DC2-AEF7-9F3C4B7A49E9}.Release|Any CPU.ActiveCfg = Release|Any CPU
		{CFB52776-506E-4DC2-AEF7-9F3C4B7A49E9}.Release|Any CPU.Build.0 = Release|Any CPU
	EndGlobalSection
	GlobalSection(SolutionProperties) = preSolution
		HideSolutionNode = FALSE
	EndGlobalSection
	GlobalSection(ExtensibilityGlobals) = postSolution
		SolutionGuid = {2F82A49A-07D4-49DF-A567-2A7A8631C6F4}
	EndGlobalSection
EndGlobal
