
Microsoft Visual Studio Solution File, Format Version 12.00
# Visual Studio Version 16
VisualStudioVersion = 16.0.31409.214
MinimumVisualStudioVersion = 10.0.40219.1
Project("{9A19103F-16F7-4668-BE54-9A1E7A4F7556}") = "ArrayRotation", "Problems\ArrayRotation\ArrayRotation.csproj", "{F09386F7-02A6-4A57-8A07-93628B8612C0}"
EndProject
Project("{9A19103F-16F7-4668-BE54-9A1E7A4F7556}") = "ArrayElements", "Problems\ArrayElements\ArrayElements.csproj", "{24265BA6-21CA-4691-81E4-7E8E857BE4FD}"
EndProject
Project("{9A19103F-16F7-4668-BE54-9A1E7A4F7556}") = "PalindormeCountFromFile", "Problems\PalindromeCountFromFile\PalindormeCountFromFile.csproj", "{6DF908E4-3B47-4F8A-B4BE-6C60FDE7CBCF}"
EndProject
Project("{9A19103F-16F7-4668-BE54-9A1E7A4F7556}") = "Sorting", "Common\Sorting\Sorting.csproj", "{A7089A57-61EB-4290-9E4F-DDB929CE9DFD}"
EndProject
Project("{9A19103F-16F7-4668-BE54-9A1E7A4F7556}") = "FibonacciNumbers", "Problems\FibonacciNumbers\FibonacciNumbers.csproj", "{C5B3E5E0-5941-4808-A219-F398E672AB40}"
EndProject
Project("{9A19103F-16F7-4668-BE54-9A1E7A4F7556}") = "GridTraveller", "Problems\GridTraveller\GridTraveller.csproj", "{D8141A8E-0A66-462E-B57F-F24637893A6C}"
EndProject
Project("{9A19103F-16F7-4668-BE54-9A1E7A4F7556}") = "HowSum", "Problems\HowSum\HowSum.csproj", "{0E56C144-999C-4641-A496-8C0A24A85F71}"
EndProject
Project("{9A19103F-16F7-4668-BE54-9A1E7A4F7556}") = "CanSum", "Problems\CanSum\CanSum.csproj", "{D9E0375E-BF60-4D4B-A01D-5E170BAA6324}"
EndProject
Project("{9A19103F-16F7-4668-BE54-9A1E7A4F7556}") = "CanConstruct", "Problems\CanConstruct\CanConstruct.csproj", "{CFB52776-506E-4DC2-AEF7-9F3C4B7A49E9}"
EndProject
Project("{9A19103F-16F7-4668-BE54-9A1E7A4F7556}") = "Collection", "Common\Collection\Collection.csproj", "{7A88A707-122F-463D-8BB1-71867E9D0F23}"
EndProject
Project("{FAE04EC0-301F-11D3-BF4B-00C04F79EFBC}") = "DataStructures", "Problems\DataStructures\DataStructures.csproj", "{A0EB2496-7151-450C-AB25-C92B500240EA}"
EndProject
Project("{2150E333-8FDC-42A3-9474-1A3956D46DE8}") = "Problems", "Problems", "{42C76B81-CA49-4ED3-BD39-ECD0E0CA0334}"
EndProject
Project("{2150E333-8FDC-42A3-9474-1A3956D46DE8}") = "Common", "Common", "{FDEBA3B0-D870-4DB0-8698-02BBE8AB3B04}"
EndProject
Global
	GlobalSection(SolutionConfigurationPlatforms) = preSolution
		Debug|Any CPU = Debug|Any CPU
		Release|Any CPU = Release|Any CPU
	EndGlobalSection
	GlobalSection(ProjectConfigurationPlatforms) = postSolution
		{F09386F7-02A6-4A57-8A07-93628B8612C0}.Debug|Any CPU.ActiveCfg = Debug|Any CPU
		{F09386F7-02A6-4A57-8A07-93628B8612C0}.Debug|Any CPU.Build.0 = Debug|Any CPU
		{F09386F7-02A6-4A57-8A07-93628B8612C0}.Release|Any CPU.ActiveCfg = Release|Any CPU
		{F09386F7-02A6-4A57-8A07-93628B8612C0}.Release|Any CPU.Build.0 = Release|Any CPU
		{24265BA6-21CA-4691-81E4-7E8E857BE4FD}.Debug|Any CPU.ActiveCfg = Debug|Any CPU
		{24265BA6-21CA-4691-81E4-7E8E857BE4FD}.Debug|Any CPU.Build.0 = Debug|Any CPU
		{24265BA6-21CA-4691-81E4-7E8E857BE4FD}.Release|Any CPU.ActiveCfg = Release|Any CPU
		{24265BA6-21CA-4691-81E4-7E8E857BE4FD}.Release|Any CPU.Build.0 = Release|Any CPU
		{6DF908E4-3B47-4F8A-B4BE-6C60FDE7CBCF}.Debug|Any CPU.ActiveCfg = Debug|Any CPU
		{6DF908E4-3B47-4F8A-B4BE-6C60FDE7CBCF}.Debug|Any CPU.Build.0 = Debug|Any CPU
		{6DF908E4-3B47-4F8A-B4BE-6C60FDE7CBCF}.Release|Any CPU.ActiveCfg = Release|Any CPU
		{6DF908E4-3B47-4F8A-B4BE-6C60FDE7CBCF}.Release|Any CPU.Build.0 = Release|Any CPU
		{A7089A57-61EB-4290-9E4F-DDB929CE9DFD}.Debug|Any CPU.ActiveCfg = Debug|Any CPU
		{A7089A57-61EB-4290-9E4F-DDB929CE9DFD}.Debug|Any CPU.Build.0 = Debug|Any CPU
		{A7089A57-61EB-4290-9E4F-DDB929CE9DFD}.Release|Any CPU.ActiveCfg = Release|Any CPU
		{A7089A57-61EB-4290-9E4F-DDB929CE9DFD}.Release|Any CPU.Build.0 = Release|Any CPU
		{C5B3E5E0-5941-4808-A219-F398E672AB40}.Debug|Any CPU.ActiveCfg = Debug|Any CPU
		{C5B3E5E0-5941-4808-A219-F398E672AB40}.Debug|Any CPU.Build.0 = Debug|Any CPU
		{C5B3E5E0-5941-4808-A219-F398E672AB40}.Release|Any CPU.ActiveCfg = Release|Any CPU
		{C5B3E5E0-5941-4808-A219-F398E672AB40}.Release|Any CPU.Build.0 = Release|Any CPU
		{D8141A8E-0A66-462E-B57F-F24637893A6C}.Debug|Any CPU.ActiveCfg = Debug|Any CPU
		{D8141A8E-0A66-462E-B57F-F24637893A6C}.Debug|Any CPU.Build.0 = Debug|Any CPU
		{D8141A8E-0A66-462E-B57F-F24637893A6C}.Release|Any CPU.ActiveCfg = Release|Any CPU
		{D8141A8E-0A66-462E-B57F-F24637893A6C}.Release|Any CPU.Build.0 = Release|Any CPU
		{0E56C144-999C-4641-A496-8C0A24A85F71}.Debug|Any CPU.ActiveCfg = Debug|Any CPU
		{0E56C144-999C-4641-A496-8C0A24A85F71}.Debug|Any CPU.Build.0 = Debug|Any CPU
		{0E56C144-999C-4641-A496-8C0A24A85F71}.Release|Any CPU.ActiveCfg = Release|Any CPU
		{0E56C144-999C-4641-A496-8C0A24A85F71}.Release|Any CPU.Build.0 = Release|Any CPU
		{D9E0375E-BF60-4D4B-A01D-5E170BAA6324}.Debug|Any CPU.ActiveCfg = Debug|Any CPU
		{D9E0375E-BF60-4D4B-A01D-5E170BAA6324}.Debug|Any CPU.Build.0 = Debug|Any CPU
		{D9E0375E-BF60-4D4B-A01D-5E170BAA6324}.Release|Any CPU.ActiveCfg = Release|Any CPU
		{D9E0375E-BF60-4D4B-A01D-5E170BAA6324}.Release|Any CPU.Build.0 = Release|Any CPU
		{CFB52776-506E-4DC2-AEF7-9F3C4B7A49E9}.Debug|Any CPU.ActiveCfg = Debug|Any CPU
		{CFB52776-506E-4DC2-AEF7-9F3C4B7A49E9}.Debug|Any CPU.Build.0 = Debug|Any CPU
		{CFB52776-506E-4DC2-AEF7-9F3C4B7A49E9}.Release|Any CPU.ActiveCfg = Release|Any CPU
		{CFB52776-506E-4DC2-AEF7-9F3C4B7A49E9}.Release|Any CPU.Build.0 = Release|Any CPU
		{7A88A707-122F-463D-8BB1-71867E9D0F23}.Debug|Any CPU.ActiveCfg = Debug|Any CPU
		{7A88A707-122F-463D-8BB1-71867E9D0F23}.Debug|Any CPU.Build.0 = Debug|Any CPU
		{7A88A707-122F-463D-8BB1-71867E9D0F23}.Release|Any CPU.ActiveCfg = Release|Any CPU
		{7A88A707-122F-463D-8BB1-71867E9D0F23}.Release|Any CPU.Build.0 = Release|Any CPU
		{A0EB2496-7151-450C-AB25-C92B500240EA}.Debug|Any CPU.ActiveCfg = Debug|Any CPU
		{A0EB2496-7151-450C-AB25-C92B500240EA}.Debug|Any CPU.Build.0 = Debug|Any CPU
		{A0EB2496-7151-450C-AB25-C92B500240EA}.Release|Any CPU.ActiveCfg = Release|Any CPU
		{A0EB2496-7151-450C-AB25-C92B500240EA}.Release|Any CPU.Build.0 = Release|Any CPU
	EndGlobalSection
	GlobalSection(SolutionProperties) = preSolution
		HideSolutionNode = FALSE
	EndGlobalSection
	GlobalSection(NestedProjects) = preSolution
		{F09386F7-02A6-4A57-8A07-93628B8612C0} = {42C76B81-CA49-4ED3-BD39-ECD0E0CA0334}
		{24265BA6-21CA-4691-81E4-7E8E857BE4FD} = {42C76B81-CA49-4ED3-BD39-ECD0E0CA0334}
		{6DF908E4-3B47-4F8A-B4BE-6C60FDE7CBCF} = {42C76B81-CA49-4ED3-BD39-ECD0E0CA0334}
		{A7089A57-61EB-4290-9E4F-DDB929CE9DFD} = {FDEBA3B0-D870-4DB0-8698-02BBE8AB3B04}
		{C5B3E5E0-5941-4808-A219-F398E672AB40} = {42C76B81-CA49-4ED3-BD39-ECD0E0CA0334}
		{D8141A8E-0A66-462E-B57F-F24637893A6C} = {42C76B81-CA49-4ED3-BD39-ECD0E0CA0334}
		{0E56C144-999C-4641-A496-8C0A24A85F71} = {42C76B81-CA49-4ED3-BD39-ECD0E0CA0334}
		{D9E0375E-BF60-4D4B-A01D-5E170BAA6324} = {42C76B81-CA49-4ED3-BD39-ECD0E0CA0334}
		{CFB52776-506E-4DC2-AEF7-9F3C4B7A49E9} = {42C76B81-CA49-4ED3-BD39-ECD0E0CA0334}
		{7A88A707-122F-463D-8BB1-71867E9D0F23} = {FDEBA3B0-D870-4DB0-8698-02BBE8AB3B04}
		{A0EB2496-7151-450C-AB25-C92B500240EA} = {42C76B81-CA49-4ED3-BD39-ECD0E0CA0334}
	EndGlobalSection
	GlobalSection(ExtensibilityGlobals) = postSolution
		SolutionGuid = {2F82A49A-07D4-49DF-A567-2A7A8631C6F4}
	EndGlobalSection
EndGlobal
